<?xml version="1.0" encoding="utf-8"?>
<Project ToolsVersion="4.0" xmlns="http://schemas.microsoft.com/developer/msbuild/2003">
  <ItemGroup>
    <Filter Include="XMLParserModules">
      <UniqueIdentifier>{fba30df1-65a8-4be7-97e7-ff6e96b9b258}</UniqueIdentifier>
    </Filter>
    <Filter Include="XMLParserModules\TinyXML">
      <UniqueIdentifier>{27e63754-fc11-44c8-8bf2-9d4c7792c7df}</UniqueIdentifier>
    </Filter>
    <Filter Include="ImageCodecModules">
      <UniqueIdentifier>{7ec0c62b-de6e-4cba-8f1a-0107b1faee01}</UniqueIdentifier>
    </Filter>
    <Filter Include="ImageCodecModules\FreeImage">
      <UniqueIdentifier>{255123bc-a96e-4a29-b577-b004423a8335}</UniqueIdentifier>
    </Filter>
    <Filter Include="WindowRendererSets">
      <UniqueIdentifier>{e37fbd7a-6038-4a9e-8144-ea73065499da}</UniqueIdentifier>
    </Filter>
    <Filter Include="ScriptModules">
      <UniqueIdentifier>{3853a03c-8d7d-44e6-9c32-730e1b3d614d}</UniqueIdentifier>
    </Filter>
    <Filter Include="ScriptModules\tolua">
      <UniqueIdentifier>{a1180e6b-8eaf-46ff-bc1c-4dc5d94e5598}</UniqueIdentifier>
    </Filter>
  </ItemGroup>
  <ItemGroup>
    <ClInclude Include="include\CEGUI\XMLParserModules\TinyXML\XMLParser.h">
      <Filter>XMLParserModules\TinyXML</Filter>
    </ClInclude>
    <ClInclude Include="include\CEGUI\XMLParserModules\TinyXML\XMLParserModule.h">
      <Filter>XMLParserModules\TinyXML</Filter>
    </ClInclude>
    <ClInclude Include="include\CEGUI\ImageCodecModules\FreeImage\ImageCodec.h">
      <Filter>ImageCodecModules\FreeImage</Filter>
    </ClInclude>
    <ClInclude Include="include\CEGUI\ImageCodecModules\FreeImage\ImageCodecModule.h">
      <Filter>ImageCodecModules\FreeImage</Filter>
    </ClInclude>
    <ClInclude Include="include\CEGUI\WindowRendererSets\Core\Button.h">
      <Filter>WindowRendererSets</Filter>
    </ClInclude>
    <ClInclude Include="include\CEGUI\WindowRendererSets\Core\Default.h">
      <Filter>WindowRendererSets</Filter>
    </ClInclude>
    <ClInclude Include="include\CEGUI\WindowRendererSets\Core\Editbox.h">
      <Filter>WindowRendererSets</Filter>
    </ClInclude>
    <ClInclude Include="include\CEGUI\WindowRendererSets\Core\FrameWindow.h">
      <Filter>WindowRendererSets</Filter>
    </ClInclude>
    <ClInclude Include="include\CEGUI\WindowRendererSets\Core\ItemEntry.h">
      <Filter>WindowRendererSets</Filter>
    </ClInclude>
    <ClInclude Include="include\CEGUI\WindowRendererSets\Core\ItemListbox.h">
      <Filter>WindowRendererSets</Filter>
    </ClInclude>
    <ClInclude Include="include\CEGUI\WindowRendererSets\Core\Listbox.h">
      <Filter>WindowRendererSets</Filter>
    </ClInclude>
    <ClInclude Include="include\CEGUI\WindowRendererSets\Core\ListHeader.h">
      <Filter>WindowRendererSets</Filter>
    </ClInclude>
    <ClInclude Include="include\CEGUI\WindowRendererSets\Core\ListHeaderSegment.h">
      <Filter>WindowRendererSets</Filter>
    </ClInclude>
    <ClInclude Include="include\CEGUI\WindowRendererSets\Core\Menubar.h">
      <Filter>WindowRendererSets</Filter>
    </ClInclude>
    <ClInclude Include="include\CEGUI\WindowRendererSets\Core\MenuItem.h">
      <Filter>WindowRendererSets</Filter>
    </ClInclude>
    <ClInclude Include="include\CEGUI\WindowRendererSets\Core\Module.h">
      <Filter>WindowRendererSets</Filter>
    </ClInclude>
    <ClInclude Include="include\CEGUI\WindowRendererSets\Core\MultiColumnList.h">
      <Filter>WindowRendererSets</Filter>
    </ClInclude>
    <ClInclude Include="include\CEGUI\WindowRendererSets\Core\MultiLineEditbox.h">
      <Filter>WindowRendererSets</Filter>
    </ClInclude>
    <ClInclude Include="include\CEGUI\WindowRendererSets\Core\PopupMenu.h">
      <Filter>WindowRendererSets</Filter>
    </ClInclude>
    <ClInclude Include="include\CEGUI\WindowRendererSets\Core\ProgressBar.h">
      <Filter>WindowRendererSets</Filter>
    </ClInclude>
    <ClInclude Include="include\CEGUI\WindowRendererSets\Core\ScrollablePane.h">
      <Filter>WindowRendererSets</Filter>
    </ClInclude>
    <ClInclude Include="include\CEGUI\WindowRendererSets\Core\Scrollbar.h">
      <Filter>WindowRendererSets</Filter>
    </ClInclude>
    <ClInclude Include="include\CEGUI\WindowRendererSets\Core\Slider.h">
      <Filter>WindowRendererSets</Filter>
    </ClInclude>
    <ClInclude Include="include\CEGUI\WindowRendererSets\Core\Static.h">
      <Filter>WindowRendererSets</Filter>
    </ClInclude>
    <ClInclude Include="include\CEGUI\WindowRendererSets\Core\StaticImage.h">
      <Filter>WindowRendererSets</Filter>
    </ClInclude>
    <ClInclude Include="include\CEGUI\WindowRendererSets\Core\StaticText.h">
      <Filter>WindowRendererSets</Filter>
    </ClInclude>
    <ClInclude Include="include\CEGUI\WindowRendererSets\Core\TabButton.h">
      <Filter>WindowRendererSets</Filter>
    </ClInclude>
    <ClInclude Include="include\CEGUI\WindowRendererSets\Core\TabControl.h">
      <Filter>WindowRendererSets</Filter>
    </ClInclude>
    <ClInclude Include="include\CEGUI\WindowRendererSets\Core\Titlebar.h">
      <Filter>WindowRendererSets</Filter>
    </ClInclude>
    <ClInclude Include="include\CEGUI\WindowRendererSets\Core\ToggleButton.h">
      <Filter>WindowRendererSets</Filter>
    </ClInclude>
    <ClInclude Include="include\CEGUI\WindowRendererSets\Core\Tooltip.h">
      <Filter>WindowRendererSets</Filter>
    </ClInclude>
    <ClInclude Include="include\CEGUI\WindowRendererSets\Core\Tree.h">
      <Filter>WindowRendererSets</Filter>
    </ClInclude>
    <ClInclude Include="include\CEGUI\ScriptModules\Lua\Functor.h">
      <Filter>ScriptModules</Filter>
    </ClInclude>
    <ClInclude Include="include\CEGUI\ScriptModules\Lua\ScriptModule.h">
      <Filter>ScriptModules</Filter>
    </ClInclude>
    <ClInclude Include="src\ScriptModules\Lua\required.h">
      <Filter>ScriptModules</Filter>
    </ClInclude>
    <ClInclude Include="src\ScriptModules\Lua\support\tolua++\tolua_event.h">
      <Filter>ScriptModules\tolua</Filter>
    </ClInclude>
  </ItemGroup>
  <ItemGroup>
    <ClCompile Include="src\XMLParserModules\TinyXML\XMLParser.cpp">
      <Filter>XMLParserModules\TinyXML</Filter>
    </ClCompile>
    <ClCompile Include="src\XMLParserModules\TinyXML\XMLParserModule.cpp">
      <Filter>XMLParserModules\TinyXML</Filter>
    </ClCompile>
    <ClCompile Include="src\ImageCodecModules\FreeImage\ImageCodec.cpp">
      <Filter>ImageCodecModules\FreeImage</Filter>
    </ClCompile>
    <ClCompile Include="src\ImageCodecModules\FreeImage\ImageCodecModule.cpp">
      <Filter>ImageCodecModules\FreeImage</Filter>
    </ClCompile>
    <ClCompile Include="src\WindowRendererSets\Core\Button.cpp">
      <Filter>WindowRendererSets</Filter>
    </ClCompile>
    <ClCompile Include="src\WindowRendererSets\Core\Default.cpp">
      <Filter>WindowRendererSets</Filter>
    </ClCompile>
    <ClCompile Include="src\WindowRendererSets\Core\Editbox.cpp">
      <Filter>WindowRendererSets</Filter>
    </ClCompile>
    <ClCompile Include="src\WindowRendererSets\Core\FrameWindow.cpp">
      <Filter>WindowRendererSets</Filter>
    </ClCompile>
    <ClCompile Include="src\WindowRendererSets\Core\ItemEntry.cpp">
      <Filter>WindowRendererSets</Filter>
    </ClCompile>
    <ClCompile Include="src\WindowRendererSets\Core\ItemListbox.cpp">
      <Filter>WindowRendererSets</Filter>
    </ClCompile>
    <ClCompile Include="src\WindowRendererSets\Core\Listbox.cpp">
      <Filter>WindowRendererSets</Filter>
    </ClCompile>
    <ClCompile Include="src\WindowRendererSets\Core\ListHeader.cpp">
      <Filter>WindowRendererSets</Filter>
    </ClCompile>
    <ClCompile Include="src\WindowRendererSets\Core\ListHeaderSegment.cpp">
      <Filter>WindowRendererSets</Filter>
    </ClCompile>
    <ClCompile Include="src\WindowRendererSets\Core\Menubar.cpp">
      <Filter>WindowRendererSets</Filter>
    </ClCompile>
    <ClCompile Include="src\WindowRendererSets\Core\MenuItem.cpp">
      <Filter>WindowRendererSets</Filter>
    </ClCompile>
    <ClCompile Include="src\WindowRendererSets\Core\Module.cpp">
      <Filter>WindowRendererSets</Filter>
    </ClCompile>
    <ClCompile Include="src\WindowRendererSets\Core\MultiColumnList.cpp">
      <Filter>WindowRendererSets</Filter>
    </ClCompile>
    <ClCompile Include="src\WindowRendererSets\Core\MultiLineEditbox.cpp">
      <Filter>WindowRendererSets</Filter>
    </ClCompile>
    <ClCompile Include="src\WindowRendererSets\Core\PopupMenu.cpp">
      <Filter>WindowRendererSets</Filter>
    </ClCompile>
    <ClCompile Include="src\WindowRendererSets\Core\ProgressBar.cpp">
      <Filter>WindowRendererSets</Filter>
    </ClCompile>
    <ClCompile Include="src\WindowRendererSets\Core\ScrollablePane.cpp">
      <Filter>WindowRendererSets</Filter>
    </ClCompile>
    <ClCompile Include="src\WindowRendererSets\Core\Scrollbar.cpp">
      <Filter>WindowRendererSets</Filter>
    </ClCompile>
    <ClCompile Include="src\WindowRendererSets\Core\Slider.cpp">
      <Filter>WindowRendererSets</Filter>
    </ClCompile>
    <ClCompile Include="src\WindowRendererSets\Core\Static.cpp">
      <Filter>WindowRendererSets</Filter>
    </ClCompile>
    <ClCompile Include="src\WindowRendererSets\Core\StaticImage.cpp">
      <Filter>WindowRendererSets</Filter>
    </ClCompile>
    <ClCompile Include="src\WindowRendererSets\Core\StaticText.cpp">
      <Filter>WindowRendererSets</Filter>
    </ClCompile>
    <ClCompile Include="src\WindowRendererSets\Core\TabButton.cpp">
      <Filter>WindowRendererSets</Filter>
    </ClCompile>
    <ClCompile Include="src\WindowRendererSets\Core\TabControl.cpp">
      <Filter>WindowRendererSets</Filter>
    </ClCompile>
    <ClCompile Include="src\WindowRendererSets\Core\Titlebar.cpp">
      <Filter>WindowRendererSets</Filter>
    </ClCompile>
    <ClCompile Include="src\WindowRendererSets\Core\ToggleButton.cpp">
      <Filter>WindowRendererSets</Filter>
    </ClCompile>
    <ClCompile Include="src\WindowRendererSets\Core\Tooltip.cpp">
      <Filter>WindowRendererSets</Filter>
    </ClCompile>
    <ClCompile Include="src\WindowRendererSets\Core\Tree.cpp">
      <Filter>WindowRendererSets</Filter>
    </ClCompile>
    <ClCompile Include="src\ScriptModules\Lua\Functor.cpp">
      <Filter>ScriptModules</Filter>
    </ClCompile>
    <ClCompile Include="src\ScriptModules\Lua\lua_CEGUI.cpp">
      <Filter>ScriptModules</Filter>
    </ClCompile>
    <ClCompile Include="src\ScriptModules\Lua\required.cpp">
      <Filter>ScriptModules</Filter>
    </ClCompile>
    <ClCompile Include="src\ScriptModules\Lua\ScriptModule.cpp">
      <Filter>ScriptModules</Filter>
    </ClCompile>
    <ClCompile Include="src\ScriptModules\Lua\support\tolua++\tolua_event.c">
      <Filter>ScriptModules\tolua</Filter>
    </ClCompile>
    <ClCompile Include="src\ScriptModules\Lua\support\tolua++\tolua_is.c">
      <Filter>ScriptModules\tolua</Filter>
    </ClCompile>
    <ClCompile Include="src\ScriptModules\Lua\support\tolua++\tolua_map.c">
      <Filter>ScriptModules\tolua</Filter>
    </ClCompile>
    <ClCompile Include="src\ScriptModules\Lua\support\tolua++\tolua_push.c">
      <Filter>ScriptModules\tolua</Filter>
    </ClCompile>
    <ClCompile Include="src\ScriptModules\Lua\support\tolua++\tolua_to.c">
      <Filter>ScriptModules\tolua</Filter>
    </ClCompile>
  </ItemGroup>
</Project>